
Microsoft Visual Studio Solution File, Format Version 12.00
# Visual Studio 15
VisualStudioVersion = 15.0.27004.2002
MinimumVisualStudioVersion = 10.0.40219.1
Project("{FAE04EC0-301F-11D3-BF4B-00C04F79EFBC}") = "SDA.WebDashboard", "SDA.WebDashboard\SDA.WebDashboard.csproj", "{02106D6A-7F1B-4F70-816D-44973CC73EF3}"
EndProject
Project("{FAE04EC0-301F-11D3-BF4B-00C04F79EFBC}") = "CrawlerEngine", "..\CrawlerEngine\CrawlerEngine\CrawlerEngine.csproj", "{BDDA02B9-7DCB-451C-8ADF-8FA921BC9815}"
EndProject
Project("{FAE04EC0-301F-11D3-BF4B-00C04F79EFBC}") = "SDA.Utility", "SDA.Utility\SDA.Utility.csproj", "{1202B872-F1EA-4002-A62B-4419C2C4FF40}"
EndProject
Project("{FAE04EC0-301F-11D3-BF4B-00C04F79EFBC}") = "SDA.Model", "SDA.Model\SDA.Model.csproj", "{CFEB8295-A017-4208-9920-0836405B54E6}"
EndProject
Project("{FAE04EC0-301F-11D3-BF4B-00C04F79EFBC}") = "SDA.Interface", "SDA.Interface\SDA.Interface.csproj", "{4335791C-5AFC-4171-A44F-E737BC3CE93E}"
EndProject
Project("{FAE04EC0-301F-11D3-BF4B-00C04F79EFBC}") = "SDA.Implement", "SDA.Implement\SDA.Implement.csproj", "{4E86501C-7882-402D-80EA-5B3F59563F91}"
EndProject
Global
	GlobalSection(SolutionConfigurationPlatforms) = preSolution
		Debug|Any CPU = Debug|Any CPU
		Release|Any CPU = Release|Any CPU
	EndGlobalSection
	GlobalSection(ProjectConfigurationPlatforms) = postSolution
		{02106D6A-7F1B-4F70-816D-44973CC73EF3}.Debug|Any CPU.ActiveCfg = Debug|Any CPU
		{02106D6A-7F1B-4F70-816D-44973CC73EF3}.Debug|Any CPU.Build.0 = Debug|Any CPU
		{02106D6A-7F1B-4F70-816D-44973CC73EF3}.Release|Any CPU.ActiveCfg = Release|Any CPU
		{02106D6A-7F1B-4F70-816D-44973CC73EF3}.Release|Any CPU.Build.0 = Release|Any CPU
		{BDDA02B9-7DCB-451C-8ADF-8FA921BC9815}.Debug|Any CPU.ActiveCfg = Debug|Any CPU
		{BDDA02B9-7DCB-451C-8ADF-8FA921BC9815}.Debug|Any CPU.Build.0 = Debug|Any CPU
		{BDDA02B9-7DCB-451C-8ADF-8FA921BC9815}.Release|Any CPU.ActiveCfg = Release|Any CPU
		{BDDA02B9-7DCB-451C-8ADF-8FA921BC9815}.Release|Any CPU.Build.0 = Release|Any CPU
		{1202B872-F1EA-4002-A62B-4419C2C4FF40}.Debug|Any CPU.ActiveCfg = Debug|Any CPU
		{1202B872-F1EA-4002-A62B-4419C2C4FF40}.Debug|Any CPU.Build.0 = Debug|Any CPU
		{1202B872-F1EA-4002-A62B-4419C2C4FF40}.Release|Any CPU.ActiveCfg = Release|Any CPU
		{1202B872-F1EA-4002-A62B-4419C2C4FF40}.Release|Any CPU.Build.0 = Release|Any CPU
		{CFEB8295-A017-4208-9920-0836405B54E6}.Debug|Any CPU.ActiveCfg = Debug|Any CPU
		{CFEB8295-A017-4208-9920-0836405B54E6}.Debug|Any CPU.Build.0 = Debug|Any CPU
		{CFEB8295-A017-4208-9920-0836405B54E6}.Release|Any CPU.ActiveCfg = Release|Any CPU
		{CFEB8295-A017-4208-9920-0836405B54E6}.Release|Any CPU.Build.0 = Release|Any CPU
		{4335791C-5AFC-4171-A44F-E737BC3CE93E}.Debug|Any CPU.ActiveCfg = Debug|Any CPU
		{4335791C-5AFC-4171-A44F-E737BC3CE93E}.Debug|Any CPU.Build.0 = Debug|Any CPU
		{4335791C-5AFC-4171-A44F-E737BC3CE93E}.Release|Any CPU.ActiveCfg = Release|Any CPU
		{4335791C-5AFC-4171-A44F-E737BC3CE93E}.Release|Any CPU.Build.0 = Release|Any CPU
		{4E86501C-7882-402D-80EA-5B3F59563F91}.Debug|Any CPU.ActiveCfg = Debug|Any CPU
		{4E86501C-7882-402D-80EA-5B3F59563F91}.Debug|Any CPU.Build.0 = Debug|Any CPU
		{4E86501C-7882-402D-80EA-5B3F59563F91}.Release|Any CPU.ActiveCfg = Release|Any CPU
		{4E86501C-7882-402D-80EA-5B3F59563F91}.Release|Any CPU.Build.0 = Release|Any CPU
	EndGlobalSection
	GlobalSection(SolutionProperties) = preSolution
		HideSolutionNode = FALSE
	EndGlobalSection
	GlobalSection(ExtensibilityGlobals) = postSolution
		SolutionGuid = {EEA56F7D-A0DB-4A1D-A2C8-008F61DF7CFF}
	EndGlobalSection
EndGlobal
